
Microsoft Visual Studio Solution File, Format Version 12.00
# Visual Studio 15
VisualStudioVersion = 15.0.27428.2043
MinimumVisualStudioVersion = 10.0.40219.1
Project("{FAE04EC0-301F-11D3-BF4B-00C04F79EFBC}") = "RReviews.Web", "RReviews.Web\RReviews.Web.csproj", "{3FB4156D-A572-4FFC-96CA-870B00100C04}"
EndProject
Project("{FAE04EC0-301F-11D3-BF4B-00C04F79EFBC}") = "RReviews.Models", "RestaurantModels\RReviews.Models.csproj", "{A91DCD07-4D65-432A-AC53-A17F31D19490}"
EndProject
Project("{FAE04EC0-301F-11D3-BF4B-00C04F79EFBC}") = "RReviews.BLL", "RReviews.BLL\RReviews.BLL.csproj", "{5BD36D15-81B0-4540-B2A0-0D300AE1721E}"
EndProject
Project("{FAE04EC0-301F-11D3-BF4B-00C04F79EFBC}") = "RReviews.DAL", "RReviews.DAL\RReviews.DAL.csproj", "{943804E8-17DB-4F35-A033-0E4CDF8EB453}"
EndProject
Project("{FAE04EC0-301F-11D3-BF4B-00C04F79EFBC}") = "RReviews.UnitTest", "RReviewsUnitTest\RReviews.UnitTest.csproj", "{4FE2E621-2CBE-47FE-92B9-8FEB08664135}"
EndProject
Global
	GlobalSection(SolutionConfigurationPlatforms) = preSolution
		Debug|Any CPU = Debug|Any CPU
		Release|Any CPU = Release|Any CPU
	EndGlobalSection
	GlobalSection(ProjectConfigurationPlatforms) = postSolution
		{3FB4156D-A572-4FFC-96CA-870B00100C04}.Debug|Any CPU.ActiveCfg = Debug|Any CPU
		{3FB4156D-A572-4FFC-96CA-870B00100C04}.Debug|Any CPU.Build.0 = Debug|Any CPU
		{3FB4156D-A572-4FFC-96CA-870B00100C04}.Release|Any CPU.ActiveCfg = Release|Any CPU
		{3FB4156D-A572-4FFC-96CA-870B00100C04}.Release|Any CPU.Build.0 = Release|Any CPU
		{A91DCD07-4D65-432A-AC53-A17F31D19490}.Debug|Any CPU.ActiveCfg = Debug|Any CPU
		{A91DCD07-4D65-432A-AC53-A17F31D19490}.Debug|Any CPU.Build.0 = Debug|Any CPU
		{A91DCD07-4D65-432A-AC53-A17F31D19490}.Release|Any CPU.ActiveCfg = Release|Any CPU
		{A91DCD07-4D65-432A-AC53-A17F31D19490}.Release|Any CPU.Build.0 = Release|Any CPU
		{5BD36D15-81B0-4540-B2A0-0D300AE1721E}.Debug|Any CPU.ActiveCfg = Debug|Any CPU
		{5BD36D15-81B0-4540-B2A0-0D300AE1721E}.Debug|Any CPU.Build.0 = Debug|Any CPU
		{5BD36D15-81B0-4540-B2A0-0D300AE1721E}.Release|Any CPU.ActiveCfg = Release|Any CPU
		{5BD36D15-81B0-4540-B2A0-0D300AE1721E}.Release|Any CPU.Build.0 = Release|Any CPU
		{943804E8-17DB-4F35-A033-0E4CDF8EB453}.Debug|Any CPU.ActiveCfg = Debug|Any CPU
		{943804E8-17DB-4F35-A033-0E4CDF8EB453}.Debug|Any CPU.Build.0 = Debug|Any CPU
		{943804E8-17DB-4F35-A033-0E4CDF8EB453}.Release|Any CPU.ActiveCfg = Release|Any CPU
		{943804E8-17DB-4F35-A033-0E4CDF8EB453}.Release|Any CPU.Build.0 = Release|Any CPU
		{4FE2E621-2CBE-47FE-92B9-8FEB08664135}.Debug|Any CPU.ActiveCfg = Debug|Any CPU
		{4FE2E621-2CBE-47FE-92B9-8FEB08664135}.Debug|Any CPU.Build.0 = Debug|Any CPU
		{4FE2E621-2CBE-47FE-92B9-8FEB08664135}.Release|Any CPU.ActiveCfg = Release|Any CPU
		{4FE2E621-2CBE-47FE-92B9-8FEB08664135}.Release|Any CPU.Build.0 = Release|Any CPU
	EndGlobalSection
	GlobalSection(SolutionProperties) = preSolution
		HideSolutionNode = FALSE
	EndGlobalSection
	GlobalSection(ExtensibilityGlobals) = postSolution
		SolutionGuid = {B1D650B3-D4D6-4550-8B10-F2660433B99A}
	EndGlobalSection
EndGlobal
